Microsoft Visual Studio Solution File, Format Version 12.00
# Visual Studio Version 16
VisualStudioVersion = 16.0.29609.76
MinimumVisualStudioVersion = 10.0.40219.1
Project("{8BC9CEB8-8B4A-11D0-8D11-00A0C91BC942}") = "Carbon.Codecs.Heif.Native", "src\Carbon.Codecs.Heif.Native\Carbon.Codecs.Heif.Native.vcxproj", "{F352202A-70F8-4D52-894D-9EF61C391EE3}"
	ProjectSection(ProjectDependencies) = postProject
		{3123669C-4AFA-323F-A3FD-3A9EF3320ECB} = {3123669C-4AFA-323F-A3FD-3A9EF3320ECB}
	EndProjectSection
EndProject
Project("{8BC9CEB8-8B4A-11D0-8D11-00A0C91BC942}") = "encoder", "src\libde265\code\libde265\encoder\encoder.vcxproj", "{B6739F90-A7F8-3C06-B378-4FC30B416EBD}"
EndProject
Project("{8BC9CEB8-8B4A-11D0-8D11-00A0C91BC942}") = "libde265", "src\libde265\code\libde265\libde265.vcxproj", "{9DA6A660-2BA7-3EED-8F99-DC324864840A}"
EndProject
Project("{8BC9CEB8-8B4A-11D0-8D11-00A0C91BC942}") = "x86", "src\libde265\code\libde265\x86\x86.vcxproj", "{068D0FC6-0A9A-30D6-A627-3E84E2310B1B}"
EndProject
Project("{8BC9CEB8-8B4A-11D0-8D11-00A0C91BC942}") = "x86_sse", "src\libde265\code\libde265\x86\x86_sse.vcxproj", "{DEDB4636-CFD1-3F09-8F36-123769877B94}"
EndProject
Project("{8BC9CEB8-8B4A-11D0-8D11-00A0C91BC942}") = "heif", "src\libheif\code\libheif\heif.vcxproj", "{3123669C-4AFA-323F-A3FD-3A9EF3320ECB}"
	ProjectSection(ProjectDependencies) = postProject
		{9DA6A660-2BA7-3EED-8F99-DC324864840A} = {9DA6A660-2BA7-3EED-8F99-DC324864840A}
	EndProjectSection
EndProject
Project("{8BC9CEB8-8B4A-11D0-8D11-00A0C91BC942}") = "algo", "src\libde265\code\libde265\encoder\algo\algo.vcxproj", "{40692ADF-5156-3A49-AFC0-F7B6073F6B10}"
EndProject
Project("{2150E333-8FDC-42A3-9474-1A3956D46DE8}") = "native", "native", "{100BC26B-011C-451B-8AAE-41C37E82543B}"
EndProject
Project("{2150E333-8FDC-42A3-9474-1A3956D46DE8}") = "src", "src", "{F891C3F1-995A-471C-B5F1-09BAA97DC86C}"
EndProject
Project("{9A19103F-16F7-4668-BE54-9A1E7A4F7556}") = "Carbon.Codecs.Heif", "src\Carbon.Codecs.Heif\Carbon.Codecs.Heif.csproj", "{2A7EB5D7-6507-4A4E-8348-2D256D7408A1}"
	ProjectSection(ProjectDependencies) = postProject
		{F352202A-70F8-4D52-894D-9EF61C391EE3} = {F352202A-70F8-4D52-894D-9EF61C391EE3}
	EndProjectSection
EndProject
Project("{2150E333-8FDC-42A3-9474-1A3956D46DE8}") = "tests", "tests", "{148DECE0-729A-4A67-A584-FE0D604BBF74}"
EndProject
Project("{9A19103F-16F7-4668-BE54-9A1E7A4F7556}") = "Carbon.Codecs.Heif.Tests", "tests\Carbon.Codecs.Heif.Tests\Carbon.Codecs.Heif.Tests.csproj", "{0A5E9233-A2C6-4D81-9BFD-A6D93CEB4B85}"
EndProject
Project("{2150E333-8FDC-42A3-9474-1A3956D46DE8}") = "build", "build", "{61391E04-05F0-4A76-9572-8FA0FF212FD0}"
	ProjectSection(SolutionItems) = preProject
		.github\workflows\master.yml = .github\workflows\master.yml
	EndProjectSection
EndProject
Project("{2150E333-8FDC-42A3-9474-1A3956D46DE8}") = "publish", "publish", "{81810834-CDCE-4C7F-A723-9003BBD0B35C}"
	ProjectSection(SolutionItems) = preProject
		publish\Carbon.Codecs.Heif.nuspec = publish\Carbon.Codecs.Heif.nuspec
	EndProjectSection
EndProject
Project("{2150E333-8FDC-42A3-9474-1A3956D46DE8}") = "linux", "linux", "{285A2DE9-76D3-4278-979B-E8E22CDC657A}"
	ProjectSection(SolutionItems) = preProject
		build\linux\build.cmd = build\linux\build.cmd
		build\linux\build.Native.sh = build\linux\build.Native.sh
		build\linux\copy.Native.sh = build\linux\copy.Native.sh
		build\linux\Dockerfile.build = build\linux\Dockerfile.build
		build\linux\Dockerfile.test = build\linux\Dockerfile.test
		build\linux\install.dependencies.sh = build\linux\install.dependencies.sh
		build\linux\run.build.cmd = build\linux\run.build.cmd
		build\linux\run.test.cmd = build\linux\run.test.cmd
		build\linux\test.cmd = build\linux\test.cmd
		build\linux\test.Heif.sh = build\linux\test.Heif.sh
	EndProjectSection
EndProject
Project("{2150E333-8FDC-42A3-9474-1A3956D46DE8}") = "libheif", "libheif", "{3AC47A0C-945B-4CCF-AADD-7A935A8660EA}"
	ProjectSection(SolutionItems) = preProject
		src\libheif\checkout.cmd = src\libheif\checkout.cmd
		src\libheif\checkout.sh = src\libheif\checkout.sh
	EndProjectSection
EndProject
Project("{2150E333-8FDC-42A3-9474-1A3956D46DE8}") = "libde265", "libde265", "{59F7C753-FB0B-494D-A345-64EC1A1E8DC3}"
	ProjectSection(SolutionItems) = preProject
		src\libde265\checkout.cmd = src\libde265\checkout.cmd
		src\libde265\checkout.sh = src\libde265\checkout.sh
	EndProjectSection
EndProject
Project("{2150E333-8FDC-42A3-9474-1A3956D46DE8}") = "macos", "macos", "{A6C49757-21E6-4D56-8811-1A36650EDE7E}"
	ProjectSection(SolutionItems) = preProject
		build\macos\build.Native.sh = build\macos\build.Native.sh
		build\macos\copy.Native.sh = build\macos\copy.Native.sh
		build\macos\install.dependencies.sh = build\macos\install.dependencies.sh
		build\macos\test.Heif.sh = build\macos\test.Heif.sh
	EndProjectSection
EndProject
Project("{2150E333-8FDC-42A3-9474-1A3956D46DE8}") = "windows", "windows", "{A9577755-A819-420B-9BBC-A8B63B2A8B16}"
	ProjectSection(SolutionItems) = preProject
		build\windows\build.Heif.cmd = build\windows\build.Heif.cmd
		build\windows\build.Heif.ps1 = build\windows\build.Heif.ps1
		build\windows\copy.Heif.cmd = build\windows\copy.Heif.cmd
		build\windows\init.visualstudio.cmd = build\windows\init.visualstudio.cmd
		build\windows\install.dependencies.cmd = build\windows\install.dependencies.cmd
		build\windows\install.dependencies.ps1 = build\windows\install.dependencies.ps1
		build\windows\test.Heif.cmd = build\windows\test.Heif.cmd
		build\windows\test.Heif.ps1 = build\windows\test.Heif.ps1
		build\windows\utils.ps1 = build\windows\utils.ps1
	EndProjectSection
EndProject
Global
	GlobalSection(SolutionConfigurationPlatforms) = preSolution
		Debug|x64 = Debug|x64
		Release|x64 = Release|x64
	EndGlobalSection
	GlobalSection(ProjectConfigurationPlatforms) = postSolution
		{F352202A-70F8-4D52-894D-9EF61C391EE3}.Debug|x64.ActiveCfg = Debug|x64
		{F352202A-70F8-4D52-894D-9EF61C391EE3}.Debug|x64.Build.0 = Debug|x64
		{F352202A-70F8-4D52-894D-9EF61C391EE3}.Release|x64.ActiveCfg = Release|x64
		{F352202A-70F8-4D52-894D-9EF61C391EE3}.Release|x64.Build.0 = Release|x64
		{B6739F90-A7F8-3C06-B378-4FC30B416EBD}.Debug|x64.ActiveCfg = Debug|x64
		{B6739F90-A7F8-3C06-B378-4FC30B416EBD}.Debug|x64.Build.0 = Debug|x64
		{B6739F90-A7F8-3C06-B378-4FC30B416EBD}.Release|x64.ActiveCfg = Release|x64
		{B6739F90-A7F8-3C06-B378-4FC30B416EBD}.Release|x64.Build.0 = Release|x64
		{9DA6A660-2BA7-3EED-8F99-DC324864840A}.Debug|x64.ActiveCfg = Debug|x64
		{9DA6A660-2BA7-3EED-8F99-DC324864840A}.Debug|x64.Build.0 = Debug|x64
		{9DA6A660-2BA7-3EED-8F99-DC324864840A}.Release|x64.ActiveCfg = Release|x64
		{9DA6A660-2BA7-3EED-8F99-DC324864840A}.Release|x64.Build.0 = Release|x64
		{068D0FC6-0A9A-30D6-A627-3E84E2310B1B}.Debug|x64.ActiveCfg = Debug|x64
		{068D0FC6-0A9A-30D6-A627-3E84E2310B1B}.Debug|x64.Build.0 = Debug|x64
		{068D0FC6-0A9A-30D6-A627-3E84E2310B1B}.Release|x64.ActiveCfg = Release|x64
		{068D0FC6-0A9A-30D6-A627-3E84E2310B1B}.Release|x64.Build.0 = Release|x64
		{DEDB4636-CFD1-3F09-8F36-123769877B94}.Debug|x64.ActiveCfg = Debug|x64
		{DEDB4636-CFD1-3F09-8F36-123769877B94}.Debug|x64.Build.0 = Debug|x64
		{DEDB4636-CFD1-3F09-8F36-123769877B94}.Release|x64.ActiveCfg = Release|x64
		{DEDB4636-CFD1-3F09-8F36-123769877B94}.Release|x64.Build.0 = Release|x64
		{3123669C-4AFA-323F-A3FD-3A9EF3320ECB}.Debug|x64.ActiveCfg = Debug|x64
		{3123669C-4AFA-323F-A3FD-3A9EF3320ECB}.Debug|x64.Build.0 = Debug|x64
		{3123669C-4AFA-323F-A3FD-3A9EF3320ECB}.Release|x64.ActiveCfg = Release|x64
		{3123669C-4AFA-323F-A3FD-3A9EF3320ECB}.Release|x64.Build.0 = Release|x64
		{40692ADF-5156-3A49-AFC0-F7B6073F6B10}.Debug|x64.ActiveCfg = Debug|x64
		{40692ADF-5156-3A49-AFC0-F7B6073F6B10}.Debug|x64.Build.0 = Debug|x64
		{40692ADF-5156-3A49-AFC0-F7B6073F6B10}.Release|x64.ActiveCfg = Release|x64
		{40692ADF-5156-3A49-AFC0-F7B6073F6B10}.Release|x64.Build.0 = Release|x64
		{2A7EB5D7-6507-4A4E-8348-2D256D7408A1}.Debug|x64.ActiveCfg = Debug|x64
		{2A7EB5D7-6507-4A4E-8348-2D256D7408A1}.Debug|x64.Build.0 = Debug|x64
		{2A7EB5D7-6507-4A4E-8348-2D256D7408A1}.Release|x64.ActiveCfg = Release|x64
		{2A7EB5D7-6507-4A4E-8348-2D256D7408A1}.Release|x64.Build.0 = Release|x64
		{0A5E9233-A2C6-4D81-9BFD-A6D93CEB4B85}.Debug|x64.ActiveCfg = Debug|x64
		{0A5E9233-A2C6-4D81-9BFD-A6D93CEB4B85}.Debug|x64.Build.0 = Debug|x64
		{0A5E9233-A2C6-4D81-9BFD-A6D93CEB4B85}.Release|x64.ActiveCfg = Release|x64
		{0A5E9233-A2C6-4D81-9BFD-A6D93CEB4B85}.Release|x64.Build.0 = Release|x64
	EndGlobalSection
	GlobalSection(SolutionProperties) = preSolution
		HideSolutionNode = FALSE
	EndGlobalSection
	GlobalSection(NestedProjects) = preSolution
		{F352202A-70F8-4D52-894D-9EF61C391EE3} = {100BC26B-011C-451B-8AAE-41C37E82543B}
		{B6739F90-A7F8-3C06-B378-4FC30B416EBD} = {100BC26B-011C-451B-8AAE-41C37E82543B}
		{9DA6A660-2BA7-3EED-8F99-DC324864840A} = {100BC26B-011C-451B-8AAE-41C37E82543B}
		{068D0FC6-0A9A-30D6-A627-3E84E2310B1B} = {100BC26B-011C-451B-8AAE-41C37E82543B}
		{DEDB4636-CFD1-3F09-8F36-123769877B94} = {100BC26B-011C-451B-8AAE-41C37E82543B}
		{3123669C-4AFA-323F-A3FD-3A9EF3320ECB} = {100BC26B-011C-451B-8AAE-41C37E82543B}
		{40692ADF-5156-3A49-AFC0-F7B6073F6B10} = {100BC26B-011C-451B-8AAE-41C37E82543B}
		{2A7EB5D7-6507-4A4E-8348-2D256D7408A1} = {F891C3F1-995A-471C-B5F1-09BAA97DC86C}
		{0A5E9233-A2C6-4D81-9BFD-A6D93CEB4B85} = {148DECE0-729A-4A67-A584-FE0D604BBF74}
		{285A2DE9-76D3-4278-979B-E8E22CDC657A} = {61391E04-05F0-4A76-9572-8FA0FF212FD0}
		{3AC47A0C-945B-4CCF-AADD-7A935A8660EA} = {F891C3F1-995A-471C-B5F1-09BAA97DC86C}
		{59F7C753-FB0B-494D-A345-64EC1A1E8DC3} = {F891C3F1-995A-471C-B5F1-09BAA97DC86C}
		{A6C49757-21E6-4D56-8811-1A36650EDE7E} = {61391E04-05F0-4A76-9572-8FA0FF212FD0}
		{A9577755-A819-420B-9BBC-A8B63B2A8B16} = {61391E04-05F0-4A76-9572-8FA0FF212FD0}
	EndGlobalSection
	GlobalSection(ExtensibilityGlobals) = postSolution
		SolutionGuid = {8A1CBF1F-6BF1-31B9-B459-7695CFCBA794}
	EndGlobalSection
EndGlobal
